
Microsoft Visual Studio Solution File, Format Version 12.00
# Visual Studio Version 17
VisualStudioVersion = 17.6.33712.159
MinimumVisualStudioVersion = 10.0.40219.1
Project("{FAE04EC0-301F-11D3-BF4B-00C04F79EFBC}") = "Proxy", "Proxy\Proxy.csproj", "{0630F95B-2C47-44CA-B687-37738F442E85}"
EndProject
Project("{FAE04EC0-301F-11D3-BF4B-00C04F79EFBC}") = "Proxy_Exercicio", "Proxy_Exercicio\Proxy_Exercicio.csproj", "{1D4B0E83-3FA2-44D4-A83D-F5BC4541F1EE}"
EndProject
Global
	GlobalSection(SolutionConfigurationPlatforms) = preSolution
		Debug|Any CPU = Debug|Any CPU
		Release|Any CPU = Release|Any CPU
	EndGlobalSection
	GlobalSection(ProjectConfigurationPlatforms) = postSolution
		{0630F95B-2C47-44CA-B687-37738F442E85}.Debug|Any CPU.ActiveCfg = Debug|Any CPU
		{0630F95B-2C47-44CA-B687-37738F442E85}.Debug|Any CPU.Build.0 = Debug|Any CPU
		{0630F95B-2C47-44CA-B687-37738F442E85}.Release|Any CPU.ActiveCfg = Release|Any CPU
		{0630F95B-2C47-44CA-B687-37738F442E85}.Release|Any CPU.Build.0 = Release|Any CPU
		{1D4B0E83-3FA2-44D4-A83D-F5BC4541F1EE}.Debug|Any CPU.ActiveCfg = Debug|Any CPU
		{1D4B0E83-3FA2-44D4-A83D-F5BC4541F1EE}.Debug|Any CPU.Build.0 = Debug|Any CPU
		{1D4B0E83-3FA2-44D4-A83D-F5BC4541F1EE}.Release|Any CPU.ActiveCfg = Release|Any CPU
		{1D4B0E83-3FA2-44D4-A83D-F5BC4541F1EE}.Release|Any CPU.Build.0 = Release|Any CPU
	EndGlobalSection
	GlobalSection(SolutionProperties) = preSolution
		HideSolutionNode = FALSE
	EndGlobalSection
	GlobalSection(ExtensibilityGlobals) = postSolution
		SolutionGuid = {D2D9EA7C-77EE-46B5-98FC-4A974776F1BB}
	EndGlobalSection
EndGlobal
