
Microsoft Visual Studio Solution File, Format Version 12.00
# Visual Studio Version 17
VisualStudioVersion = 17.6.33712.159
MinimumVisualStudioVersion = 10.0.40219.1
Project("{9A19103F-16F7-4668-BE54-9A1E7A4F7556}") = "Composite", "Composite\Composite.csproj", "{2BAA5E94-5D17-497C-AC88-210A92C35814}"
EndProject
Project("{FAE04EC0-301F-11D3-BF4B-00C04F79EFBC}") = "Composite-Exercicio", "Composite-Exercicio\Composite-Exercicio.csproj", "{5B3F9AE0-7570-48C7-9BAC-E4AA2C65D554}"
EndProject
Global
	GlobalSection(SolutionConfigurationPlatforms) = preSolution
		Debug|Any CPU = Debug|Any CPU
		Release|Any CPU = Release|Any CPU
	EndGlobalSection
	GlobalSection(ProjectConfigurationPlatforms) = postSolution
		{2BAA5E94-5D17-497C-AC88-210A92C35814}.Debug|Any CPU.ActiveCfg = Debug|Any CPU
		{2BAA5E94-5D17-497C-AC88-210A92C35814}.Debug|Any CPU.Build.0 = Debug|Any CPU
		{2BAA5E94-5D17-497C-AC88-210A92C35814}.Release|Any CPU.ActiveCfg = Release|Any CPU
		{2BAA5E94-5D17-497C-AC88-210A92C35814}.Release|Any CPU.Build.0 = Release|Any CPU
		{5B3F9AE0-7570-48C7-9BAC-E4AA2C65D554}.Debug|Any CPU.ActiveCfg = Debug|Any CPU
		{5B3F9AE0-7570-48C7-9BAC-E4AA2C65D554}.Debug|Any CPU.Build.0 = Debug|Any CPU
		{5B3F9AE0-7570-48C7-9BAC-E4AA2C65D554}.Release|Any CPU.ActiveCfg = Release|Any CPU
		{5B3F9AE0-7570-48C7-9BAC-E4AA2C65D554}.Release|Any CPU.Build.0 = Release|Any CPU
	EndGlobalSection
	GlobalSection(SolutionProperties) = preSolution
		HideSolutionNode = FALSE
	EndGlobalSection
	GlobalSection(ExtensibilityGlobals) = postSolution
		SolutionGuid = {A35F8B93-EBE3-4D1D-AFE4-A6D4A422E6DA}
	EndGlobalSection
EndGlobal
